
Microsoft Visual Studio Solution File, Format Version 12.00
# Visual Studio 15
VisualStudioVersion = 15.0.27703.2042
MinimumVisualStudioVersion = 10.0.40219.1
Project("{FAE04EC0-301F-11D3-BF4B-00C04F79EFBC}") = "MakingAnagrams.TDD", "MakingAnagrams.TDD\MakingAnagrams.TDD.csproj", "{5054F6B5-607C-480F-A043-70A936E7F663}"
EndProject
Global
	GlobalSection(SolutionConfigurationPlatforms) = preSolution
		Debug|Any CPU = Debug|Any CPU
		Release|Any CPU = Release|Any CPU
	EndGlobalSection
	GlobalSection(ProjectConfigurationPlatforms) = postSolution
		{5054F6B5-607C-480F-A043-70A936E7F663}.Debug|Any CPU.ActiveCfg = Debug|Any CPU
		{5054F6B5-607C-480F-A043-70A936E7F663}.Debug|Any CPU.Build.0 = Debug|Any CPU
		{5054F6B5-607C-480F-A043-70A936E7F663}.Release|Any CPU.ActiveCfg = Release|Any CPU
		{5054F6B5-607C-480F-A043-70A936E7F663}.Release|Any CPU.Build.0 = Release|Any CPU
	EndGlobalSection
	GlobalSection(SolutionProperties) = preSolution
		HideSolutionNode = FALSE
	EndGlobalSection
	GlobalSection(ExtensibilityGlobals) = postSolution
		SolutionGuid = {C5A12ABE-2831-4B93-8C3F-55803C1DF248}
	EndGlobalSection
EndGlobal
