
Microsoft Visual Studio Solution File, Format Version 12.00
# Visual Studio 15
VisualStudioVersion = 15.0.26124.0
MinimumVisualStudioVersion = 15.0.26124.0
Project("{9A19103F-16F7-4668-BE54-9A1E7A4F7556}") = "StringCalculator", "StringCalculator\StringCalculator.csproj", "{DBE821F2-027B-4D06-A579-C682D87E0448}"
EndProject
Project("{9A19103F-16F7-4668-BE54-9A1E7A4F7556}") = "StringCalculator.Tests", "StringCalculator.Tests\StringCalculator.Tests.csproj", "{D7932017-2BD9-4AA6-B18F-22BA3DD18B92}"
EndProject
Global
	GlobalSection(SolutionConfigurationPlatforms) = preSolution
		Debug|Any CPU = Debug|Any CPU
		Debug|x64 = Debug|x64
		Debug|x86 = Debug|x86
		Release|Any CPU = Release|Any CPU
		Release|x64 = Release|x64
		Release|x86 = Release|x86
	EndGlobalSection
	GlobalSection(ProjectConfigurationPlatforms) = postSolution
		{DBE821F2-027B-4D06-A579-C682D87E0448}.Debug|Any CPU.ActiveCfg = Debug|Any CPU
		{DBE821F2-027B-4D06-A579-C682D87E0448}.Debug|Any CPU.Build.0 = Debug|Any CPU
		{DBE821F2-027B-4D06-A579-C682D87E0448}.Debug|x64.ActiveCfg = Debug|Any CPU
		{DBE821F2-027B-4D06-A579-C682D87E0448}.Debug|x64.Build.0 = Debug|Any CPU
		{DBE821F2-027B-4D06-A579-C682D87E0448}.Debug|x86.ActiveCfg = Debug|Any CPU
		{DBE821F2-027B-4D06-A579-C682D87E0448}.Debug|x86.Build.0 = Debug|Any CPU
		{DBE821F2-027B-4D06-A579-C682D87E0448}.Release|Any CPU.ActiveCfg = Release|Any CPU
		{DBE821F2-027B-4D06-A579-C682D87E0448}.Release|Any CPU.Build.0 = Release|Any CPU
		{DBE821F2-027B-4D06-A579-C682D87E0448}.Release|x64.ActiveCfg = Release|Any CPU
		{DBE821F2-027B-4D06-A579-C682D87E0448}.Release|x64.Build.0 = Release|Any CPU
		{DBE821F2-027B-4D06-A579-C682D87E0448}.Release|x86.ActiveCfg = Release|Any CPU
		{DBE821F2-027B-4D06-A579-C682D87E0448}.Release|x86.Build.0 = Release|Any CPU
		{D7932017-2BD9-4AA6-B18F-22BA3DD18B92}.Debug|Any CPU.ActiveCfg = Debug|Any CPU
		{D7932017-2BD9-4AA6-B18F-22BA3DD18B92}.Debug|Any CPU.Build.0 = Debug|Any CPU
		{D7932017-2BD9-4AA6-B18F-22BA3DD18B92}.Debug|x64.ActiveCfg = Debug|Any CPU
		{D7932017-2BD9-4AA6-B18F-22BA3DD18B92}.Debug|x64.Build.0 = Debug|Any CPU
		{D7932017-2BD9-4AA6-B18F-22BA3DD18B92}.Debug|x86.ActiveCfg = Debug|Any CPU
		{D7932017-2BD9-4AA6-B18F-22BA3DD18B92}.Debug|x86.Build.0 = Debug|Any CPU
		{D7932017-2BD9-4AA6-B18F-22BA3DD18B92}.Release|Any CPU.ActiveCfg = Release|Any CPU
		{D7932017-2BD9-4AA6-B18F-22BA3DD18B92}.Release|Any CPU.Build.0 = Release|Any CPU
		{D7932017-2BD9-4AA6-B18F-22BA3DD18B92}.Release|x64.ActiveCfg = Release|Any CPU
		{D7932017-2BD9-4AA6-B18F-22BA3DD18B92}.Release|x64.Build.0 = Release|Any CPU
		{D7932017-2BD9-4AA6-B18F-22BA3DD18B92}.Release|x86.ActiveCfg = Release|Any CPU
		{D7932017-2BD9-4AA6-B18F-22BA3DD18B92}.Release|x86.Build.0 = Release|Any CPU
	EndGlobalSection
	GlobalSection(SolutionProperties) = preSolution
		HideSolutionNode = FALSE
	EndGlobalSection
	GlobalSection(ExtensibilityGlobals) = postSolution
		SolutionGuid = {22C92B6F-27EE-4FEE-9BC9-FD2277C81C1C}
	EndGlobalSection
EndGlobal
